
Microsoft Visual Studio Solution File, Format Version 12.00
# Visual Studio Version 17
VisualStudioVersion = 17.5.002.0
MinimumVisualStudioVersion = 10.0.40219.1
Project("{9A19103F-16F7-4668-BE54-9A1E7A4F7556}") = "Manhattan", "Manhattan.csproj", "{D59DB9E6-9A01-443F-876F-023069D0394C}"
EndProject
Global
	GlobalSection(SolutionConfigurationPlatforms) = preSolution
		Debug|Any CPU = Debug|Any CPU
		Release|Any CPU = Release|Any CPU
	EndGlobalSection
	GlobalSection(ProjectConfigurationPlatforms) = postSolution
		{D59DB9E6-9A01-443F-876F-023069D0394C}.Debug|Any CPU.ActiveCfg = Debug|Any CPU
		{D59DB9E6-9A01-443F-876F-023069D0394C}.Debug|Any CPU.Build.0 = Debug|Any CPU
		{D59DB9E6-9A01-443F-876F-023069D0394C}.Release|Any CPU.ActiveCfg = Release|Any CPU
		{D59DB9E6-9A01-443F-876F-023069D0394C}.Release|Any CPU.Build.0 = Release|Any CPU
	EndGlobalSection
	GlobalSection(SolutionProperties) = preSolution
		HideSolutionNode = FALSE
	EndGlobalSection
	GlobalSection(ExtensibilityGlobals) = postSolution
		SolutionGuid = {3D5BF9E2-2C7D-4D84-9549-C1C2A1BA039E}
	EndGlobalSection
EndGlobal
